// !$*UTF8*$!
{
	archiveVersion = 1;
	classes = {
	};
	objectVersion = 46;
	objects = {

/* Begin PBXBuildFile section */
		A35947FA1824671D00060ABE /* Foundation.framework in Frameworks */ = {isa = PBXBuildFile; fileRef = A35947F91824671D00060ABE /* Foundation.framework */; };
		A35947FC1824671D00060ABE /* CoreGraphics.framework in Frameworks */ = {isa = PBXBuildFile; fileRef = A35947FB1824671D00060ABE /* CoreGraphics.framework */; };
		A35947FE1824671D00060ABE /* UIKit.framework in Frameworks */ = {isa = PBXBuildFile; fileRef = A35947FD1824671D00060ABE /* UIKit.framework */; };
		A35948041824671D00060ABE /* InfoPlist.strings in Resources */ = {isa = PBXBuildFile; fileRef = A35948021824671D00060ABE /* InfoPlist.strings */; };
		A35948061824671D00060ABE /* main.m in Sources */ = {isa = PBXBuildFile; fileRef = A35948051824671D00060ABE /* main.m */; };
		A359480A1824671D00060ABE /* AppDelegate.m in Sources */ = {isa = PBXBuildFile; fileRef = A35948091824671D00060ABE /* AppDelegate.m */; };
		A359480D1824671D00060ABE /* Main.storyboard in Resources */ = {isa = PBXBuildFile; fileRef = A359480B1824671D00060ABE /* Main.storyboard */; };
		A35948101824671D00060ABE /* ViewController.m in Sources */ = {isa = PBXBuildFile; fileRef = A359480F1824671D00060ABE /* ViewController.m */; };
		A35948121824671D00060ABE /* Images.xcassets in Resources */ = {isa = PBXBuildFile; fileRef = A35948111824671D00060ABE /* Images.xcassets */; };
		A35948191824671D00060ABE /* XCTest.framework in Frameworks */ = {isa = PBXBuildFile; fileRef = A35948181824671D00060ABE /* XCTest.framework */; };
		A359481A1824671D00060ABE /* Foundation.framework in Frameworks */ = {isa = PBXBuildFile; fileRef = A35947F91824671D00060ABE /* Foundation.framework */; };
		A359481B1824671D00060ABE /* UIKit.framework in Frameworks */ = {isa = PBXBuildFile; fileRef = A35947FD1824671D00060ABE /* UIKit.framework */; };
		A35948231824671D00060ABE /* InfoPlist.strings in Resources */ = {isa = PBXBuildFile; fileRef = A35948211824671D00060ABE /* InfoPlist.strings */; };
		A35948251824671D00060ABE /* shuttleboyTests.m in Sources */ = {isa = PBXBuildFile; fileRef = A35948241824671D00060ABE /* shuttleboyTests.m */; };
		A359482F18246C4200060ABE /* GoogleMaps.framework in Frameworks */ = {isa = PBXBuildFile; fileRef = A359482E18246C4200060ABE /* GoogleMaps.framework */; };
		A359483018246C4200060ABE /* GoogleMaps.framework in Frameworks */ = {isa = PBXBuildFile; fileRef = A359482E18246C4200060ABE /* GoogleMaps.framework */; };
		A35948321824814200060ABE /* AVFoundation.framework in Frameworks */ = {isa = PBXBuildFile; fileRef = A35948311824814200060ABE /* AVFoundation.framework */; };
		A35948341824815000060ABE /* CoreData.framework in Frameworks */ = {isa = PBXBuildFile; fileRef = A35948331824815000060ABE /* CoreData.framework */; };
		A35948361824815700060ABE /* CoreLocation.framework in Frameworks */ = {isa = PBXBuildFile; fileRef = A35948351824815700060ABE /* CoreLocation.framework */; };
		A35948381824816700060ABE /* CoreText.framework in Frameworks */ = {isa = PBXBuildFile; fileRef = A35948371824816700060ABE /* CoreText.framework */; };
		A359483A1824816D00060ABE /* GLKit.framework in Frameworks */ = {isa = PBXBuildFile; fileRef = A35948391824816D00060ABE /* GLKit.framework */; };
		A359483C1824819A00060ABE /* ImageIO.framework in Frameworks */ = {isa = PBXBuildFile; fileRef = A359483B1824819A00060ABE /* ImageIO.framework */; };
		A359483E182481B300060ABE /* libc++.dylib in Frameworks */ = {isa = PBXBuildFile; fileRef = A359483D182481B300060ABE /* libc++.dylib */; };
		A3594840182481C500060ABE /* libicucore.dylib in Frameworks */ = {isa = PBXBuildFile; fileRef = A359483F182481C500060ABE /* libicucore.dylib */; };
		A3594842182481D000060ABE /* libz.dylib in Frameworks */ = {isa = PBXBuildFile; fileRef = A3594841182481D000060ABE /* libz.dylib */; };
		A3594844182481DB00060ABE /* OpenGLES.framework in Frameworks */ = {isa = PBXBuildFile; fileRef = A3594843182481DB00060ABE /* OpenGLES.framework */; };
		A3594846182481E800060ABE /* QuartzCore.framework in Frameworks */ = {isa = PBXBuildFile; fileRef = A3594845182481E800060ABE /* QuartzCore.framework */; };
		A3594848182481EF00060ABE /* SystemConfiguration.framework in Frameworks */ = {isa = PBXBuildFile; fileRef = A3594847182481EF00060ABE /* SystemConfiguration.framework */; };
		A359484B1825A2EB00060ABE /* GoogleMaps.bundle in Resources */ = {isa = PBXBuildFile; fileRef = A359484A1825A2EB00060ABE /* GoogleMaps.bundle */; };
		A359484C1825A2EB00060ABE /* GoogleMaps.bundle in Resources */ = {isa = PBXBuildFile; fileRef = A359484A1825A2EB00060ABE /* GoogleMaps.bundle */; };
		A35948501825B6A700060ABE /* SBStop.m in Sources */ = {isa = PBXBuildFile; fileRef = A359484F1825B6A700060ABE /* SBStop.m */; };
		A35948511825B6A700060ABE /* SBStop.m in Sources */ = {isa = PBXBuildFile; fileRef = A359484F1825B6A700060ABE /* SBStop.m */; };
/* End PBXBuildFile section */

/* Begin PBXContainerItemProxy section */
		A359481C1824671D00060ABE /* PBXContainerItemProxy */ = {
			isa = PBXContainerItemProxy;
			containerPortal = A35947EE1824671D00060ABE /* Project object */;
			proxyType = 1;
			remoteGlobalIDString = A35947F51824671D00060ABE;
			remoteInfo = shuttleboy;
		};
/* End PBXContainerItemProxy section */

/* Begin PBXFileReference section */
		A35947F61824671D00060ABE /* shuttleboy.app */ = {isa = PBXFileReference; explicitFileType = wrapper.application; includeInIndex = 0; path = shuttleboy.app; sourceTree = BUILT_PRODUCTS_DIR; };
		A35947F91824671D00060ABE /* Foundation.framework */ = {isa = PBXFileReference; lastKnownFileType = wrapper.framework; name = Foundation.framework; path = System/Library/Frameworks/Foundation.framework; sourceTree = SDKROOT; };
		A35947FB1824671D00060ABE /* CoreGraphics.framework */ = {isa = PBXFileReference; lastKnownFileType = wrapper.framework; name = CoreGraphics.framework; path = System/Library/Frameworks/CoreGraphics.framework; sourceTree = SDKROOT; };
		A35947FD1824671D00060ABE /* UIKit.framework */ = {isa = PBXFileReference; lastKnownFileType = wrapper.framework; name = UIKit.framework; path = System/Library/Frameworks/UIKit.framework; sourceTree = SDKROOT; };
		A35948011824671D00060ABE /* shuttleboy-Info.plist */ = {isa = PBXFileReference; lastKnownFileType = text.plist.xml; path = "shuttleboy-Info.plist"; sourceTree = "<group>"; };
		A35948031824671D00060ABE /* en */ = {isa = PBXFileReference; lastKnownFileType = text.plist.strings; name = en; path = en.lproj/InfoPlist.strings; sourceTree = "<group>"; };
		A35948051824671D00060ABE /* main.m */ = {isa = PBXFileReference; lastKnownFileType = sourcecode.c.objc; path = main.m; sourceTree = "<group>"; };
		A35948071824671D00060ABE /* shuttleboy-Prefix.pch */ = {isa = PBXFileReference; lastKnownFileType = sourcecode.c.h; path = "shuttleboy-Prefix.pch"; sourceTree = "<group>"; };
		A35948081824671D00060ABE /* AppDelegate.h */ = {isa = PBXFileReference; lastKnownFileType = sourcecode.c.h; path = AppDelegate.h; sourceTree = "<group>"; };
		A35948091824671D00060ABE /* AppDelegate.m */ = {isa = PBXFileReference; lastKnownFileType = sourcecode.c.objc; path = AppDelegate.m; sourceTree = "<group>"; };
		A359480C1824671D00060ABE /* Base */ = {isa = PBXFileReference; lastKnownFileType = file.storyboard; name = Base; path = Base.lproj/Main.storyboard; sourceTree = "<group>"; };
		A359480E1824671D00060ABE /* ViewController.h */ = {isa = PBXFileReference; lastKnownFileType = sourcecode.c.h; path = ViewController.h; sourceTree = "<group>"; };
		A359480F1824671D00060ABE /* ViewController.m */ = {isa = PBXFileReference; lastKnownFileType = sourcecode.c.objc; path = ViewController.m; sourceTree = "<group>"; };
		A35948111824671D00060ABE /* Images.xcassets */ = {isa = PBXFileReference; lastKnownFileType = folder.assetcatalog; path = Images.xcassets; sourceTree = "<group>"; };
		A35948171824671D00060ABE /* shuttleboyTests.xctest */ = {isa = PBXFileReference; explicitFileType = wrapper.cfbundle; includeInIndex = 0; path = shuttleboyTests.xctest; sourceTree = BUILT_PRODUCTS_DIR; };
		A35948181824671D00060ABE /* XCTest.framework */ = {isa = PBXFileReference; lastKnownFileType = wrapper.framework; name = XCTest.framework; path = Library/Frameworks/XCTest.framework; sourceTree = DEVELOPER_DIR; };
		A35948201824671D00060ABE /* shuttleboyTests-Info.plist */ = {isa = PBXFileReference; lastKnownFileType = text.plist.xml; path = "shuttleboyTests-Info.plist"; sourceTree = "<group>"; };
		A35948221824671D00060ABE /* en */ = {isa = PBXFileReference; lastKnownFileType = text.plist.strings; name = en; path = en.lproj/InfoPlist.strings; sourceTree = "<group>"; };
		A35948241824671D00060ABE /* shuttleboyTests.m */ = {isa = PBXFileReference; lastKnownFileType = sourcecode.c.objc; path = shuttleboyTests.m; sourceTree = "<group>"; };
		A359482E18246C4200060ABE /* GoogleMaps.framework */ = {isa = PBXFileReference; lastKnownFileType = wrapper.framework; path = GoogleMaps.framework; sourceTree = "<group>"; };
		A35948311824814200060ABE /* AVFoundation.framework */ = {isa = PBXFileReference; lastKnownFileType = wrapper.framework; name = AVFoundation.framework; path = System/Library/Frameworks/AVFoundation.framework; sourceTree = SDKROOT; };
		A35948331824815000060ABE /* CoreData.framework */ = {isa = PBXFileReference; lastKnownFileType = wrapper.framework; name = CoreData.framework; path = System/Library/Frameworks/CoreData.framework; sourceTree = SDKROOT; };
		A35948351824815700060ABE /* CoreLocation.framework */ = {isa = PBXFileReference; lastKnownFileType = wrapper.framework; name = CoreLocation.framework; path = System/Library/Frameworks/CoreLocation.framework; sourceTree = SDKROOT; };
		A35948371824816700060ABE /* CoreText.framework */ = {isa = PBXFileReference; lastKnownFileType = wrapper.framework; name = CoreText.framework; path = System/Library/Frameworks/CoreText.framework; sourceTree = SDKROOT; };
		A35948391824816D00060ABE /* GLKit.framework */ = {isa = PBXFileReference; lastKnownFileType = wrapper.framework; name = GLKit.framework; path = System/Library/Frameworks/GLKit.framework; sourceTree = SDKROOT; };
		A359483B1824819A00060ABE /* ImageIO.framework */ = {isa = PBXFileReference; lastKnownFileType = wrapper.framework; name = ImageIO.framework; path = System/Library/Frameworks/ImageIO.framework; sourceTree = SDKROOT; };
		A359483D182481B300060ABE /* libc++.dylib */ = {isa = PBXFileReference; lastKnownFileType = "compiled.mach-o.dylib"; name = "libc++.dylib"; path = "usr/lib/libc++.dylib"; sourceTree = SDKROOT; };
		A359483F182481C500060ABE /* libicucore.dylib */ = {isa = PBXFileReference; lastKnownFileType = "compiled.mach-o.dylib"; name = libicucore.dylib; path = usr/lib/libicucore.dylib; sourceTree = SDKROOT; };
		A3594841182481D000060ABE /* libz.dylib */ = {isa = PBXFileReference; lastKnownFileType = "compiled.mach-o.dylib"; name = libz.dylib; path = usr/lib/libz.dylib; sourceTree = SDKROOT; };
		A3594843182481DB00060ABE /* OpenGLES.framework */ = {isa = PBXFileReference; lastKnownFileType = wrapper.framework; name = OpenGLES.framework; path = System/Library/Frameworks/OpenGLES.framework; sourceTree = SDKROOT; };
		A3594845182481E800060ABE /* QuartzCore.framework */ = {isa = PBXFileReference; lastKnownFileType = wrapper.framework; name = QuartzCore.framework; path = System/Library/Frameworks/QuartzCore.framework; sourceTree = SDKROOT; };
		A3594847182481EF00060ABE /* SystemConfiguration.framework */ = {isa = PBXFileReference; lastKnownFileType = wrapper.framework; name = SystemConfiguration.framework; path = System/Library/Frameworks/SystemConfiguration.framework; sourceTree = SDKROOT; };
		A359484A1825A2EB00060ABE /* GoogleMaps.bundle */ = {isa = PBXFileReference; lastKnownFileType = "wrapper.plug-in"; name = GoogleMaps.bundle; path = GoogleMaps.framework/Versions/A/Resources/GoogleMaps.bundle; sourceTree = "<group>"; };
		A359484E1825B6A700060ABE /* SBStop.h */ = {isa = PBXFileReference; fileEncoding = 4; lastKnownFileType = sourcecode.c.h; path = SBStop.h; sourceTree = "<group>"; };
		A359484F1825B6A700060ABE /* SBStop.m */ = {isa = PBXFileReference; fileEncoding = 4; lastKnownFileType = sourcecode.c.objc; path = SBStop.m; sourceTree = "<group>"; };
/* End PBXFileReference section */

/* Begin PBXFrameworksBuildPhase section */
		A35947F31824671D00060ABE /* Frameworks */ = {
			isa = PBXFrameworksBuildPhase;
			buildActionMask = 2147483647;
			files = (
				A3594848182481EF00060ABE /* SystemConfiguration.framework in Frameworks */,
				A3594846182481E800060ABE /* QuartzCore.framework in Frameworks */,
				A3594844182481DB00060ABE /* OpenGLES.framework in Frameworks */,
				A3594842182481D000060ABE /* libz.dylib in Frameworks */,
				A3594840182481C500060ABE /* libicucore.dylib in Frameworks */,
				A359483E182481B300060ABE /* libc++.dylib in Frameworks */,
				A359483C1824819A00060ABE /* ImageIO.framework in Frameworks */,
				A359483A1824816D00060ABE /* GLKit.framework in Frameworks */,
				A35948381824816700060ABE /* CoreText.framework in Frameworks */,
				A35948361824815700060ABE /* CoreLocation.framework in Frameworks */,
				A35948341824815000060ABE /* CoreData.framework in Frameworks */,
				A35948321824814200060ABE /* AVFoundation.framework in Frameworks */,
				A35947FC1824671D00060ABE /* CoreGraphics.framework in Frameworks */,
				A35947FE1824671D00060ABE /* UIKit.framework in Frameworks */,
				A359482F18246C4200060ABE /* GoogleMaps.framework in Frameworks */,
				A35947FA1824671D00060ABE /* Foundation.framework in Frameworks */,
			);
			runOnlyForDeploymentPostprocessing = 0;
		};
		A35948141824671D00060ABE /* Frameworks */ = {
			isa = PBXFrameworksBuildPhase;
			buildActionMask = 2147483647;
			files = (
				A35948191824671D00060ABE /* XCTest.framework in Frameworks */,
				A359481B1824671D00060ABE /* UIKit.framework in Frameworks */,
				A359483018246C4200060ABE /* GoogleMaps.framework in Frameworks */,
				A359481A1824671D00060ABE /* Foundation.framework in Frameworks */,
			);
			runOnlyForDeploymentPostprocessing = 0;
		};
/* End PBXFrameworksBuildPhase section */

/* Begin PBXGroup section */
		A35947ED1824671D00060ABE = {
			isa = PBXGroup;
			children = (
				A35947FF1824671D00060ABE /* shuttleboy */,
				A359481E1824671D00060ABE /* shuttleboyTests */,
				A35947F81824671D00060ABE /* Frameworks */,
				A35947F71824671D00060ABE /* Products */,
			);
			sourceTree = "<group>";
		};
		A35947F71824671D00060ABE /* Products */ = {
			isa = PBXGroup;
			children = (
				A35947F61824671D00060ABE /* shuttleboy.app */,
				A35948171824671D00060ABE /* shuttleboyTests.xctest */,
			);
			name = Products;
			sourceTree = "<group>";
		};
		A35947F81824671D00060ABE /* Frameworks */ = {
			isa = PBXGroup;
			children = (
				A359484A1825A2EB00060ABE /* GoogleMaps.bundle */,
				A3594847182481EF00060ABE /* SystemConfiguration.framework */,
				A3594845182481E800060ABE /* QuartzCore.framework */,
				A3594843182481DB00060ABE /* OpenGLES.framework */,
				A3594841182481D000060ABE /* libz.dylib */,
				A359483F182481C500060ABE /* libicucore.dylib */,
				A359483D182481B300060ABE /* libc++.dylib */,
				A359483B1824819A00060ABE /* ImageIO.framework */,
				A35948391824816D00060ABE /* GLKit.framework */,
				A35948371824816700060ABE /* CoreText.framework */,
				A35948351824815700060ABE /* CoreLocation.framework */,
				A35948331824815000060ABE /* CoreData.framework */,
				A35948311824814200060ABE /* AVFoundation.framework */,
				A359482E18246C4200060ABE /* GoogleMaps.framework */,
				A35947F91824671D00060ABE /* Foundation.framework */,
				A35947FB1824671D00060ABE /* CoreGraphics.framework */,
				A35947FD1824671D00060ABE /* UIKit.framework */,
				A35948181824671D00060ABE /* XCTest.framework */,
			);
			name = Frameworks;
			sourceTree = "<group>";
		};
		A35947FF1824671D00060ABE /* shuttleboy */ = {
			isa = PBXGroup;
			children = (
				A359484D1825B65900060ABE /* data */,
				A35948081824671D00060ABE /* AppDelegate.h */,
				A35948091824671D00060ABE /* AppDelegate.m */,
				A359480B1824671D00060ABE /* Main.storyboard */,
				A359480E1824671D00060ABE /* ViewController.h */,
				A359480F1824671D00060ABE /* ViewController.m */,
				A35948111824671D00060ABE /* Images.xcassets */,
				A35948001824671D00060ABE /* Supporting Files */,
			);
			path = shuttleboy;
			sourceTree = "<group>";
		};
		A35948001824671D00060ABE /* Supporting Files */ = {
			isa = PBXGroup;
			children = (
				A35948011824671D00060ABE /* shuttleboy-Info.plist */,
				A35948021824671D00060ABE /* InfoPlist.strings */,
				A35948051824671D00060ABE /* main.m */,
				A35948071824671D00060ABE /* shuttleboy-Prefix.pch */,
			);
			name = "Supporting Files";
			sourceTree = "<group>";
		};
		A359481E1824671D00060ABE /* shuttleboyTests */ = {
			isa = PBXGroup;
			children = (
				A35948241824671D00060ABE /* shuttleboyTests.m */,
				A359481F1824671D00060ABE /* Supporting Files */,
			);
			path = shuttleboyTests;
			sourceTree = "<group>";
		};
		A359481F1824671D00060ABE /* Supporting Files */ = {
			isa = PBXGroup;
			children = (
				A35948201824671D00060ABE /* shuttleboyTests-Info.plist */,
				A35948211824671D00060ABE /* InfoPlist.strings */,
			);
			name = "Supporting Files";
			sourceTree = "<group>";
		};
		A359484D1825B65900060ABE /* data */ = {
			isa = PBXGroup;
			children = (
				A359484E1825B6A700060ABE /* SBStop.h */,
				A359484F1825B6A700060ABE /* SBStop.m */,
			);
			name = data;
			sourceTree = "<group>";
		};
/* End PBXGroup section */

/* Begin PBXNativeTarget section */
		A35947F51824671D00060ABE /* shuttleboy */ = {
			isa = PBXNativeTarget;
			buildConfigurationList = A35948281824671D00060ABE /* Build configuration list for PBXNativeTarget "shuttleboy" */;
			buildPhases = (
				A35947F21824671D00060ABE /* Sources */,
				A35947F31824671D00060ABE /* Frameworks */,
				A35947F41824671D00060ABE /* Resources */,
			);
			buildRules = (
			);
			dependencies = (
			);
			name = shuttleboy;
			productName = shuttleboy;
			productReference = A35947F61824671D00060ABE /* shuttleboy.app */;
			productType = "com.apple.product-type.application";
		};
		A35948161824671D00060ABE /* shuttleboyTests */ = {
			isa = PBXNativeTarget;
			buildConfigurationList = A359482B1824671D00060ABE /* Build configuration list for PBXNativeTarget "shuttleboyTests" */;
			buildPhases = (
				A35948131824671D00060ABE /* Sources */,
				A35948141824671D00060ABE /* Frameworks */,
				A35948151824671D00060ABE /* Resources */,
			);
			buildRules = (
			);
			dependencies = (
				A359481D1824671D00060ABE /* PBXTargetDependency */,
			);
			name = shuttleboyTests;
			productName = shuttleboyTests;
			productReference = A35948171824671D00060ABE /* shuttleboyTests.xctest */;
			productType = "com.apple.product-type.bundle.unit-test";
		};
/* End PBXNativeTarget section */

/* Begin PBXProject section */
		A35947EE1824671D00060ABE /* Project object */ = {
			isa = PBXProject;
			attributes = {
				LastUpgradeCheck = 0500;
				ORGANIZATIONNAME = "LISA ROSSELLI";
				TargetAttributes = {
					A35948161824671D00060ABE = {
						TestTargetID = A35947F51824671D00060ABE;
					};
				};
			};
			buildConfigurationList = A35947F11824671D00060ABE /* Build configuration list for PBXProject "shuttleboy" */;
			compatibilityVersion = "Xcode 3.2";
			developmentRegion = English;
			hasScannedForEncodings = 0;
			knownRegions = (
				en,
				Base,
			);
			mainGroup = A35947ED1824671D00060ABE;
			productRefGroup = A35947F71824671D00060ABE /* Products */;
			projectDirPath = "";
			projectRoot = "";
			targets = (
				A35947F51824671D00060ABE /* shuttleboy */,
				A35948161824671D00060ABE /* shuttleboyTests */,
			);
		};
/* End PBXProject section */

/* Begin PBXResourcesBuildPhase section */
		A35947F41824671D00060ABE /* Resources */ = {
			isa = PBXResourcesBuildPhase;
			buildActionMask = 2147483647;
			files = (
				A35948121824671D00060ABE /* Images.xcassets in Resources */,
				A35948041824671D00060ABE /* InfoPlist.strings in Resources */,
				A359480D1824671D00060ABE /* Main.storyboard in Resources */,
				A359484B1825A2EB00060ABE /* GoogleMaps.bundle in Resources */,
			);
			runOnlyForDeploymentPostprocessing = 0;
		};
		A35948151824671D00060ABE /* Resources */ = {
			isa = PBXResourcesBuildPhase;
			buildActionMask = 2147483647;
			files = (
				A35948231824671D00060ABE /* InfoPlist.strings in Resources */,
				A359484C1825A2EB00060ABE /* GoogleMaps.bundle in Resources */,
			);
			runOnlyForDeploymentPostprocessing = 0;
		};
/* End PBXResourcesBuildPhase section */

/* Begin PBXSourcesBuildPhase section */
		A35947F21824671D00060ABE /* Sources */ = {
			isa = PBXSourcesBuildPhase;
			buildActionMask = 2147483647;
			files = (
				A35948101824671D00060ABE /* ViewController.m in Sources */,
				A359480A1824671D00060ABE /* AppDelegate.m in Sources */,
				A35948501825B6A700060ABE /* SBStop.m in Sources */,
				A35948061824671D00060ABE /* main.m in Sources */,
			);
			runOnlyForDeploymentPostprocessing = 0;
		};
		A35948131824671D00060ABE /* Sources */ = {
			isa = PBXSourcesBuildPhase;
			buildActionMask = 2147483647;
			files = (
				A35948511825B6A700060ABE /* SBStop.m in Sources */,
				A35948251824671D00060ABE /* shuttleboyTests.m in Sources */,
			);
			runOnlyForDeploymentPostprocessing = 0;
		};
/* End PBXSourcesBuildPhase section */

/* Begin PBXTargetDependency section */
		A359481D1824671D00060ABE /* PBXTargetDependency */ = {
			isa = PBXTargetDependency;
			target = A35947F51824671D00060ABE /* shuttleboy */;
			targetProxy = A359481C1824671D00060ABE /* PBXContainerItemProxy */;
		};
/* End PBXTargetDependency section */

/* Begin PBXVariantGroup section */
		A35948021824671D00060ABE /* InfoPlist.strings */ = {
			isa = PBXVariantGroup;
			children = (
				A35948031824671D00060ABE /* en */,
			);
			name = InfoPlist.strings;
			sourceTree = "<group>";
		};
		A359480B1824671D00060ABE /* Main.storyboard */ = {
			isa = PBXVariantGroup;
			children = (
				A359480C1824671D00060ABE /* Base */,
			);
			name = Main.storyboard;
			sourceTree = "<group>";
		};
		A35948211824671D00060ABE /* InfoPlist.strings */ = {
			isa = PBXVariantGroup;
			children = (
				A35948221824671D00060ABE /* en */,
			);
			name = InfoPlist.strings;
			sourceTree = "<group>";
		};
/* End PBXVariantGroup section */

/* Begin XCBuildConfiguration section */
		A35948261824671D00060ABE /* Debug */ = {
			isa = XCBuildConfiguration;
			buildSettings = {
				ALWAYS_SEARCH_USER_PATHS = NO;
				ARCHS = "$(ARCHS_STANDARD_INCLUDING_64_BIT)";
				CLANG_CXX_LANGUAGE_STANDARD = "gnu++0x";
				CLANG_CXX_LIBRARY = "libc++";
				CLANG_ENABLE_MODULES = YES;
				CLANG_ENABLE_OBJC_ARC = YES;
				CLANG_WARN_BOOL_CONVERSION = YES;
				CLANG_WARN_CONSTANT_CONVERSION = YES;
				CLANG_WARN_DIRECT_OBJC_ISA_USAGE = YES_ERROR;
				CLANG_WARN_EMPTY_BODY = YES;
				CLANG_WARN_ENUM_CONVERSION = YES;
				CLANG_WARN_INT_CONVERSION = YES;
				CLANG_WARN_OBJC_ROOT_CLASS = YES_ERROR;
				CLANG_WARN__DUPLICATE_METHOD_MATCH = YES;
				"CODE_SIGN_IDENTITY[sdk=iphoneos*]" = "iPhone Developer";
				COPY_PHASE_STRIP = NO;
				GCC_C_LANGUAGE_STANDARD = gnu99;
				GCC_DYNAMIC_NO_PIC = NO;
				GCC_OPTIMIZATION_LEVEL = 0;
				GCC_PREPROCESSOR_DEFINITIONS = (
					"DEBUG=1",
					"$(inherited)",
				);
				GCC_SYMBOLS_PRIVATE_EXTERN = NO;
				GCC_WARN_64_TO_32_BIT_CONVERSION = YES;
				GCC_WARN_ABOUT_RETURN_TYPE = YES_ERROR;
				GCC_WARN_UNDECLARED_SELECTOR = YES;
				GCC_WARN_UNINITIALIZED_AUTOS = YES;
				GCC_WARN_UNUSED_FUNCTION = YES;
				GCC_WARN_UNUSED_VARIABLE = YES;
				IPHONEOS_DEPLOYMENT_TARGET = 7.0;
				ONLY_ACTIVE_ARCH = YES;
				SDKROOT = iphoneos;
			};
			name = Debug;
		};
		A35948271824671D00060ABE /* Release */ = {
			isa = XCBuildConfiguration;
			buildSettings = {
				ALWAYS_SEARCH_USER_PATHS = NO;
				ARCHS = "$(ARCHS_STANDARD_INCLUDING_64_BIT)";
				CLANG_CXX_LANGUAGE_STANDARD = "gnu++0x";
				CLANG_CXX_LIBRARY = "libc++";
				CLANG_ENABLE_MODULES = YES;
				CLANG_ENABLE_OBJC_ARC = YES;
				CLANG_WARN_BOOL_CONVERSION = YES;
				CLANG_WARN_CONSTANT_CONVERSION = YES;
				CLANG_WARN_DIRECT_OBJC_ISA_USAGE = YES_ERROR;
				CLANG_WARN_EMPTY_BODY = YES;
				CLANG_WARN_ENUM_CONVERSION = YES;
				CLANG_WARN_INT_CONVERSION = YES;
				CLANG_WARN_OBJC_ROOT_CLASS = YES_ERROR;
				CLANG_WARN__DUPLICATE_METHOD_MATCH = YES;
				"CODE_SIGN_IDENTITY[sdk=iphoneos*]" = "iPhone Developer";
				COPY_PHASE_STRIP = YES;
				ENABLE_NS_ASSERTIONS = NO;
				GCC_C_LANGUAGE_STANDARD = gnu99;
				GCC_WARN_64_TO_32_BIT_CONVERSION = YES;
				GCC_WARN_ABOUT_RETURN_TYPE = YES_ERROR;
				GCC_WARN_UNDECLARED_SELECTOR = YES;
				GCC_WARN_UNINITIALIZED_AUTOS = YES;
				GCC_WARN_UNUSED_FUNCTION = YES;
				GCC_WARN_UNUSED_VARIABLE = YES;
				IPHONEOS_DEPLOYMENT_TARGET = 7.0;
				SDKROOT = iphoneos;
				VALIDATE_PRODUCT = YES;
			};
			name = Release;
		};
		A35948291824671D00060ABE /* Debug */ = {
			isa = XCBuildConfiguration;
			buildSettings = {
				ASSETCATALOG_COMPILER_APPICON_NAME = AppIcon;
				ASSETCATALOG_COMPILER_LAUNCHIMAGE_NAME = LaunchImage;
				FRAMEWORK_SEARCH_PATHS = (
					"$(inherited)",
					"/Users/lrosselli/HarvardExt/CSCI_E-50/cs50-github/cs50/ShuttleboyPOC/shuttleboy",
				);
				GCC_PRECOMPILE_PREFIX_HEADER = YES;
				GCC_PREFIX_HEADER = "shuttleboy/shuttleboy-Prefix.pch";
				INFOPLIST_FILE = "shuttleboy/shuttleboy-Info.plist";
				OTHER_LDFLAGS = "-ObjC";
				PRODUCT_NAME = "$(TARGET_NAME)";
				WRAPPER_EXTENSION = app;
			};
			name = Debug;
		};
		A359482A1824671D00060ABE /* Release */ = {
			isa = XCBuildConfiguration;
			buildSettings = {
				ASSETCATALOG_COMPILER_APPICON_NAME = AppIcon;
				ASSETCATALOG_COMPILER_LAUNCHIMAGE_NAME = LaunchImage;
				FRAMEWORK_SEARCH_PATHS = (
					"$(inherited)",
					"/Users/lrosselli/HarvardExt/CSCI_E-50/cs50-github/cs50/ShuttleboyPOC/shuttleboy",
				);
				GCC_PRECOMPILE_PREFIX_HEADER = YES;
				GCC_PREFIX_HEADER = "shuttleboy/shuttleboy-Prefix.pch";
				INFOPLIST_FILE = "shuttleboy/shuttleboy-Info.plist";
				OTHER_LDFLAGS = "-ObjC";
				PRODUCT_NAME = "$(TARGET_NAME)";
				WRAPPER_EXTENSION = app;
			};
			name = Release;
		};
		A359482C1824671D00060ABE /* Debug */ = {
			isa = XCBuildConfiguration;
			buildSettings = {
				ARCHS = "$(ARCHS_STANDARD_INCLUDING_64_BIT)";
				BUNDLE_LOADER = "$(BUILT_PRODUCTS_DIR)/shuttleboy.app/shuttleboy";
				FRAMEWORK_SEARCH_PATHS = (
					"$(SDKROOT)/Developer/Library/Frameworks",
					"$(inherited)",
					"$(DEVELOPER_FRAMEWORKS_DIR)",
					"/Users/lrosselli/HarvardExt/CSCI_E-50/cs50-github/cs50/ShuttleboyPOC/shuttleboy",
				);
				GCC_PRECOMPILE_PREFIX_HEADER = YES;
				GCC_PREFIX_HEADER = "shuttleboy/shuttleboy-Prefix.pch";
				GCC_PREPROCESSOR_DEFINITIONS = (
					"DEBUG=1",
					"$(inherited)",
				);
				INFOPLIST_FILE = "shuttleboyTests/shuttleboyTests-Info.plist";
				PRODUCT_NAME = "$(TARGET_NAME)";
				TEST_HOST = "$(BUNDLE_LOADER)";
				WRAPPER_EXTENSION = xctest;
			};
			name = Debug;
		};
		A359482D1824671D00060ABE /* Release */ = {
			isa = XCBuildConfiguration;
			buildSettings = {
				ARCHS = "$(ARCHS_STANDARD_INCLUDING_64_BIT)";
				BUNDLE_LOADER = "$(BUILT_PRODUCTS_DIR)/shuttleboy.app/shuttleboy";
				FRAMEWORK_SEARCH_PATHS = (
					"$(SDKROOT)/Developer/Library/Frameworks",
					"$(inherited)",
					"$(DEVELOPER_FRAMEWORKS_DIR)",
					"/Users/lrosselli/HarvardExt/CSCI_E-50/cs50-github/cs50/ShuttleboyPOC/shuttleboy",
				);
				GCC_PRECOMPILE_PREFIX_HEADER = YES;
				GCC_PREFIX_HEADER = "shuttleboy/shuttleboy-Prefix.pch";
				INFOPLIST_FILE = "shuttleboyTests/shuttleboyTests-Info.plist";
				PRODUCT_NAME = "$(TARGET_NAME)";
				TEST_HOST = "$(BUNDLE_LOADER)";
				WRAPPER_EXTENSION = xctest;
			};
			name = Release;
		};
/* End XCBuildConfiguration section */

/* Begin XCConfigurationList section */
		A35947F11824671D00060ABE /* Build configuration list for PBXProject "shuttleboy" */ = {
			isa = XCConfigurationList;
			buildConfigurations = (
				A35948261824671D00060ABE /* Debug */,
				A35948271824671D00060ABE /* Release */,
			);
			defaultConfigurationIsVisible = 0;
			defaultConfigurationName = Release;
		};
		A35948281824671D00060ABE /* Build configuration list for PBXNativeTarget "shuttleboy" */ = {
			isa = XCConfigurationList;
			buildConfigurations = (
				A35948291824671D00060ABE /* Debug */,
				A359482A1824671D00060ABE /* Release */,
			);
			defaultConfigurationIsVisible = 0;
		};
		A359482B1824671D00060ABE /* Build configuration list for PBXNativeTarget "shuttleboyTests" */ = {
			isa = XCConfigurationList;
			buildConfigurations = (
				A359482C1824671D00060ABE /* Debug */,
				A359482D1824671D00060ABE /* Release */,
			);
			defaultConfigurationIsVisible = 0;
		};
/* End XCConfigurationList section */
	};
	rootObject = A35947EE1824671D00060ABE /* Project object */;
}
